// !$*UTF8*$!
{
	archiveVersion = 1;
	classes = {
	};
	objectVersion = 50;
	objects = {

/* Begin PBXBuildFile section */
		AA2234D721B0C4D100710798 /* AppDelegate.swift in Sources */ = {isa = PBXBuildFile; fileRef = AA2234D621B0C4D100710798 /* AppDelegate.swift */; };
		AA2234D921B0C4D100710798 /* ViewController.swift in Sources */ = {isa = PBXBuildFile; fileRef = AA2234D821B0C4D100710798 /* ViewController.swift */; };
		AA2234DC21B0C4D100710798 /* Main.storyboard in Resources */ = {isa = PBXBuildFile; fileRef = AA2234DA21B0C4D100710798 /* Main.storyboard */; };
		AA2234DE21B0C4D700710798 /* Assets.xcassets in Resources */ = {isa = PBXBuildFile; fileRef = AA2234DD21B0C4D700710798 /* Assets.xcassets */; };
		AA2234E121B0C4D700710798 /* LaunchScreen.storyboard in Resources */ = {isa = PBXBuildFile; fileRef = AA2234DF21B0C4D700710798 /* LaunchScreen.storyboard */; };
		AA2234E721B0C4F100710798 /* ListViewController.swift in Sources */ = {isa = PBXBuildFile; fileRef = AA2234E621B0C4F100710798 /* ListViewController.swift */; };
		AA2234E921B0D42900710798 /* CSButton.swift in Sources */ = {isa = PBXBuildFile; fileRef = AA2234E821B0D42900710798 /* CSButton.swift */; };
		AAB53F0F21AFB67D008A3DD7 /* AppDelegate.swift in Sources */ = {isa = PBXBuildFile; fileRef = AAB53F0E21AFB67D008A3DD7 /* AppDelegate.swift */; };
		AAB53F1121AFB67D008A3DD7 /* ViewController.swift in Sources */ = {isa = PBXBuildFile; fileRef = AAB53F1021AFB67D008A3DD7 /* ViewController.swift */; };
		AAB53F1421AFB67D008A3DD7 /* Main.storyboard in Resources */ = {isa = PBXBuildFile; fileRef = AAB53F1221AFB67D008A3DD7 /* Main.storyboard */; };
		AAB53F1621AFB688008A3DD7 /* Assets.xcassets in Resources */ = {isa = PBXBuildFile; fileRef = AAB53F1521AFB688008A3DD7 /* Assets.xcassets */; };
		AAB53F1921AFB688008A3DD7 /* LaunchScreen.storyboard in Resources */ = {isa = PBXBuildFile; fileRef = AAB53F1721AFB688008A3DD7 /* LaunchScreen.storyboard */; };
		AAB53F2221AFC07B008A3DD7 /* arrow-back@2x.png in Resources */ = {isa = PBXBuildFile; fileRef = AAB53F2121AFC07B008A3DD7 /* arrow-back@2x.png */; };
		AAB53F2421AFC080008A3DD7 /* more@2x.png in Resources */ = {isa = PBXBuildFile; fileRef = AAB53F2321AFC080008A3DD7 /* more@2x.png */; };
		AAB53F2621AFC0B3008A3DD7 /* swift_logo@3x.png in Resources */ = {isa = PBXBuildFile; fileRef = AAB53F2521AFC0B3008A3DD7 /* swift_logo@3x.png */; };
		AAB53F2821AFCBD7008A3DD7 /* rating5@2x.png in Resources */ = {isa = PBXBuildFile; fileRef = AAB53F2721AFCBD7008A3DD7 /* rating5@2x.png */; };
/* End PBXBuildFile section */

/* Begin PBXFileReference section */
		AA2234D421B0C4D100710798 /* AlertTableViewCustomizing.app */ = {isa = PBXFileReference; explicitFileType = wrapper.application; includeInIndex = 0; path = AlertTableViewCustomizing.app; sourceTree = BUILT_PRODUCTS_DIR; };
		AA2234D621B0C4D100710798 /* AppDelegate.swift */ = {isa = PBXFileReference; lastKnownFileType = sourcecode.swift; path = AppDelegate.swift; sourceTree = "<group>"; };
		AA2234D821B0C4D100710798 /* ViewController.swift */ = {isa = PBXFileReference; lastKnownFileType = sourcecode.swift; path = ViewController.swift; sourceTree = "<group>"; };
		AA2234DB21B0C4D100710798 /* Base */ = {isa = PBXFileReference; lastKnownFileType = file.storyboard; name = Base; path = Base.lproj/Main.storyboard; sourceTree = "<group>"; };
		AA2234DD21B0C4D700710798 /* Assets.xcassets */ = {isa = PBXFileReference; lastKnownFileType = folder.assetcatalog; path = Assets.xcassets; sourceTree = "<group>"; };
		AA2234E021B0C4D700710798 /* Base */ = {isa = PBXFileReference; lastKnownFileType = file.storyboard; name = Base; path = Base.lproj/LaunchScreen.storyboard; sourceTree = "<group>"; };
		AA2234E221B0C4D700710798 /* Info.plist */ = {isa = PBXFileReference; lastKnownFileType = text.plist.xml; path = Info.plist; sourceTree = "<group>"; };
		AA2234E621B0C4F100710798 /* ListViewController.swift */ = {isa = PBXFileReference; lastKnownFileType = sourcecode.swift; path = ListViewController.swift; sourceTree = "<group>"; };
		AA2234E821B0D42900710798 /* CSButton.swift */ = {isa = PBXFileReference; lastKnownFileType = sourcecode.swift; path = CSButton.swift; sourceTree = "<group>"; };
		AAB53F0B21AFB67D008A3DD7 /* Customizing.app */ = {isa = PBXFileReference; explicitFileType = wrapper.application; includeInIndex = 0; path = Customizing.app; sourceTree = BUILT_PRODUCTS_DIR; };
		AAB53F0E21AFB67D008A3DD7 /* AppDelegate.swift */ = {isa = PBXFileReference; lastKnownFileType = sourcecode.swift; path = AppDelegate.swift; sourceTree = "<group>"; };
		AAB53F1021AFB67D008A3DD7 /* ViewController.swift */ = {isa = PBXFileReference; lastKnownFileType = sourcecode.swift; path = ViewController.swift; sourceTree = "<group>"; };
		AAB53F1321AFB67D008A3DD7 /* Base */ = {isa = PBXFileReference; lastKnownFileType = file.storyboard; name = Base; path = Base.lproj/Main.storyboard; sourceTree = "<group>"; };
		AAB53F1521AFB688008A3DD7 /* Assets.xcassets */ = {isa = PBXFileReference; lastKnownFileType = folder.assetcatalog; path = Assets.xcassets; sourceTree = "<group>"; };
		AAB53F1821AFB688008A3DD7 /* Base */ = {isa = PBXFileReference; lastKnownFileType = file.storyboard; name = Base; path = Base.lproj/LaunchScreen.storyboard; sourceTree = "<group>"; };
		AAB53F1A21AFB688008A3DD7 /* Info.plist */ = {isa = PBXFileReference; lastKnownFileType = text.plist.xml; path = Info.plist; sourceTree = "<group>"; };
		AAB53F2121AFC07B008A3DD7 /* arrow-back@2x.png */ = {isa = PBXFileReference; lastKnownFileType = image.png; path = "arrow-back@2x.png"; sourceTree = "<group>"; };
		AAB53F2321AFC080008A3DD7 /* more@2x.png */ = {isa = PBXFileReference; lastKnownFileType = image.png; path = "more@2x.png"; sourceTree = "<group>"; };
		AAB53F2521AFC0B3008A3DD7 /* swift_logo@3x.png */ = {isa = PBXFileReference; lastKnownFileType = image.png; path = "swift_logo@3x.png"; sourceTree = "<group>"; };
		AAB53F2721AFCBD7008A3DD7 /* rating5@2x.png */ = {isa = PBXFileReference; lastKnownFileType = image.png; path = "rating5@2x.png"; sourceTree = "<group>"; };
/* End PBXFileReference section */

/* Begin PBXFrameworksBuildPhase section */
		AA2234D121B0C4D100710798 /* Frameworks */ = {
			isa = PBXFrameworksBuildPhase;
			buildActionMask = 2147483647;
			files = (
			);
			runOnlyForDeploymentPostprocessing = 0;
		};
		AAB53F0821AFB67D008A3DD7 /* Frameworks */ = {
			isa = PBXFrameworksBuildPhase;
			buildActionMask = 2147483647;
			files = (
			);
			runOnlyForDeploymentPostprocessing = 0;
		};
/* End PBXFrameworksBuildPhase section */

/* Begin PBXGroup section */
		AA2234D521B0C4D100710798 /* AlertTableViewCustomizing */ = {
			isa = PBXGroup;
			children = (
				AA2234D621B0C4D100710798 /* AppDelegate.swift */,
				AA2234D821B0C4D100710798 /* ViewController.swift */,
				AA2234E621B0C4F100710798 /* ListViewController.swift */,
				AA2234E821B0D42900710798 /* CSButton.swift */,
				AA2234DA21B0C4D100710798 /* Main.storyboard */,
				AA2234DD21B0C4D700710798 /* Assets.xcassets */,
				AA2234DF21B0C4D700710798 /* LaunchScreen.storyboard */,
				AA2234E221B0C4D700710798 /* Info.plist */,
			);
			path = AlertTableViewCustomizing;
			sourceTree = "<group>";
		};
		AAB53F0221AFB67D008A3DD7 = {
			isa = PBXGroup;
			children = (
				AAB53F0D21AFB67D008A3DD7 /* Customizing */,
				AA2234D521B0C4D100710798 /* AlertTableViewCustomizing */,
				AAB53F0C21AFB67D008A3DD7 /* Products */,
			);
			sourceTree = "<group>";
		};
		AAB53F0C21AFB67D008A3DD7 /* Products */ = {
			isa = PBXGroup;
			children = (
				AAB53F0B21AFB67D008A3DD7 /* Customizing.app */,
				AA2234D421B0C4D100710798 /* AlertTableViewCustomizing.app */,
			);
			name = Products;
			sourceTree = "<group>";
		};
		AAB53F0D21AFB67D008A3DD7 /* Customizing */ = {
			isa = PBXGroup;
			children = (
				AAB53F2021AFC062008A3DD7 /* images */,
				AAB53F0E21AFB67D008A3DD7 /* AppDelegate.swift */,
				AAB53F1021AFB67D008A3DD7 /* ViewController.swift */,
				AAB53F1221AFB67D008A3DD7 /* Main.storyboard */,
				AAB53F1521AFB688008A3DD7 /* Assets.xcassets */,
				AAB53F1721AFB688008A3DD7 /* LaunchScreen.storyboard */,
				AAB53F1A21AFB688008A3DD7 /* Info.plist */,
			);
			path = Customizing;
			sourceTree = "<group>";
		};
		AAB53F2021AFC062008A3DD7 /* images */ = {
			isa = PBXGroup;
			children = (
				AAB53F2121AFC07B008A3DD7 /* arrow-back@2x.png */,
				AAB53F2521AFC0B3008A3DD7 /* swift_logo@3x.png */,
				AAB53F2721AFCBD7008A3DD7 /* rating5@2x.png */,
				AAB53F2321AFC080008A3DD7 /* more@2x.png */,
			);
			path = images;
			sourceTree = "<group>";
		};
/* End PBXGroup section */

/* Begin PBXNativeTarget section */
		AA2234D321B0C4D100710798 /* AlertTableViewCustomizing */ = {
			isa = PBXNativeTarget;
			buildConfigurationList = AA2234E521B0C4D700710798 /* Build configuration list for PBXNativeTarget "AlertTableViewCustomizing" */;
			buildPhases = (
				AA2234D021B0C4D100710798 /* Sources */,
				AA2234D121B0C4D100710798 /* Frameworks */,
				AA2234D221B0C4D100710798 /* Resources */,
			);
			buildRules = (
			);
			dependencies = (
			);
			name = AlertTableViewCustomizing;
			productName = AlertTableViewCustomizing;
			productReference = AA2234D421B0C4D100710798 /* AlertTableViewCustomizing.app */;
			productType = "com.apple.product-type.application";
		};
		AAB53F0A21AFB67D008A3DD7 /* Customizing */ = {
			isa = PBXNativeTarget;
			buildConfigurationList = AAB53F1D21AFB688008A3DD7 /* Build configuration list for PBXNativeTarget "Customizing" */;
			buildPhases = (
				AAB53F0721AFB67D008A3DD7 /* Sources */,
				AAB53F0821AFB67D008A3DD7 /* Frameworks */,
				AAB53F0921AFB67D008A3DD7 /* Resources */,
			);
			buildRules = (
			);
			dependencies = (
			);
			name = Customizing;
			productName = Customizing;
			productReference = AAB53F0B21AFB67D008A3DD7 /* Customizing.app */;
			productType = "com.apple.product-type.application";
		};
/* End PBXNativeTarget section */

/* Begin PBXProject section */
		AAB53F0321AFB67D008A3DD7 /* Project object */ = {
			isa = PBXProject;
			attributes = {
				LastSwiftUpdateCheck = 1010;
				LastUpgradeCheck = 1010;
				ORGANIZATIONNAME = customizing;
				TargetAttributes = {
					AA2234D321B0C4D100710798 = {
						CreatedOnToolsVersion = 10.1;
					};
					AAB53F0A21AFB67D008A3DD7 = {
						CreatedOnToolsVersion = 10.1;
					};
				};
			};
			buildConfigurationList = AAB53F0621AFB67D008A3DD7 /* Build configuration list for PBXProject "Customizing" */;
			compatibilityVersion = "Xcode 9.3";
			developmentRegion = en;
			hasScannedForEncodings = 0;
			knownRegions = (
				en,
				Base,
			);
			mainGroup = AAB53F0221AFB67D008A3DD7;
			productRefGroup = AAB53F0C21AFB67D008A3DD7 /* Products */;
			projectDirPath = "";
			projectRoot = "";
			targets = (
				AAB53F0A21AFB67D008A3DD7 /* Customizing */,
				AA2234D321B0C4D100710798 /* AlertTableViewCustomizing */,
			);
		};
/* End PBXProject section */

/* Begin PBXResourcesBuildPhase section */
		AA2234D221B0C4D100710798 /* Resources */ = {
			isa = PBXResourcesBuildPhase;
			buildActionMask = 2147483647;
			files = (
				AA2234E121B0C4D700710798 /* LaunchScreen.storyboard in Resources */,
				AA2234DE21B0C4D700710798 /* Assets.xcassets in Resources */,
				AA2234DC21B0C4D100710798 /* Main.storyboard in Resources */,
			);
			runOnlyForDeploymentPostprocessing = 0;
		};
		AAB53F0921AFB67D008A3DD7 /* Resources */ = {
			isa = PBXResourcesBuildPhase;
			buildActionMask = 2147483647;
			files = (
				AAB53F2621AFC0B3008A3DD7 /* swift_logo@3x.png in Resources */,
				AAB53F1921AFB688008A3DD7 /* LaunchScreen.storyboard in Resources */,
				AAB53F2821AFCBD7008A3DD7 /* rating5@2x.png in Resources */,
				AAB53F1621AFB688008A3DD7 /* Assets.xcassets in Resources */,
				AAB53F1421AFB67D008A3DD7 /* Main.storyboard in Resources */,
				AAB53F2221AFC07B008A3DD7 /* arrow-back@2x.png in Resources */,
				AAB53F2421AFC080008A3DD7 /* more@2x.png in Resources */,
			);
			runOnlyForDeploymentPostprocessing = 0;
		};
/* End PBXResourcesBuildPhase section */

/* Begin PBXSourcesBuildPhase section */
		AA2234D021B0C4D100710798 /* Sources */ = {
			isa = PBXSourcesBuildPhase;
			buildActionMask = 2147483647;
			files = (
				AA2234D921B0C4D100710798 /* ViewController.swift in Sources */,
				AA2234D721B0C4D100710798 /* AppDelegate.swift in Sources */,
				AA2234E721B0C4F100710798 /* ListViewController.swift in Sources */,
				AA2234E921B0D42900710798 /* CSButton.swift in Sources */,
			);
			runOnlyForDeploymentPostprocessing = 0;
		};
		AAB53F0721AFB67D008A3DD7 /* Sources */ = {
			isa = PBXSourcesBuildPhase;
			buildActionMask = 2147483647;
			files = (
				AAB53F1121AFB67D008A3DD7 /* ViewController.swift in Sources */,
				AAB53F0F21AFB67D008A3DD7 /* AppDelegate.swift in Sources */,
			);
			runOnlyForDeploymentPostprocessing = 0;
		};
/* End PBXSourcesBuildPhase section */

/* Begin PBXVariantGroup section */
		AA2234DA21B0C4D100710798 /* Main.storyboard */ = {
			isa = PBXVariantGroup;
			children = (
				AA2234DB21B0C4D100710798 /* Base */,
			);
			name = Main.storyboard;
			sourceTree = "<group>";
		};
		AA2234DF21B0C4D700710798 /* LaunchScreen.storyboard */ = {
			isa = PBXVariantGroup;
			children = (
				AA2234E021B0C4D700710798 /* Base */,
			);
			name = LaunchScreen.storyboard;
			sourceTree = "<group>";
		};
		AAB53F1221AFB67D008A3DD7 /* Main.storyboard */ = {
			isa = PBXVariantGroup;
			children = (
				AAB53F1321AFB67D008A3DD7 /* Base */,
			);
			name = Main.storyboard;
			sourceTree = "<group>";
		};
		AAB53F1721AFB688008A3DD7 /* LaunchScreen.storyboard */ = {
			isa = PBXVariantGroup;
			children = (
				AAB53F1821AFB688008A3DD7 /* Base */,
			);
			name = LaunchScreen.storyboard;
			sourceTree = "<group>";
		};
/* End PBXVariantGroup section */

/* Begin XCBuildConfiguration section */
		AA2234E321B0C4D700710798 /* Debug */ = {
			isa = XCBuildConfiguration;
			buildSettings = {
				ASSETCATALOG_COMPILER_APPICON_NAME = AppIcon;
				CODE_SIGN_STYLE = Automatic;
				INFOPLIST_FILE = AlertTableViewCustomizing/Info.plist;
				LD_RUNPATH_SEARCH_PATHS = (
					"$(inherited)",
					"@executable_path/Frameworks",
				);
				PRODUCT_BUNDLE_IDENTIFIER = "naver.knock-otd999.AlertTableViewCustomizing";
				PRODUCT_NAME = "$(TARGET_NAME)";
				SWIFT_VERSION = 4.2;
				TARGETED_DEVICE_FAMILY = "1,2";
			};
			name = Debug;
		};
		AA2234E421B0C4D700710798 /* Release */ = {
			isa = XCBuildConfiguration;
			buildSettings = {
				ASSETCATALOG_COMPILER_APPICON_NAME = AppIcon;
				CODE_SIGN_STYLE = Automatic;
				INFOPLIST_FILE = AlertTableViewCustomizing/Info.plist;
				LD_RUNPATH_SEARCH_PATHS = (
					"$(inherited)",
					"@executable_path/Frameworks",
				);
				PRODUCT_BUNDLE_IDENTIFIER = "naver.knock-otd999.AlertTableViewCustomizing";
				PRODUCT_NAME = "$(TARGET_NAME)";
				SWIFT_VERSION = 4.2;
				TARGETED_DEVICE_FAMILY = "1,2";
			};
			name = Release;
		};
		AAB53F1B21AFB688008A3DD7 /* Debug */ = {
			isa = XCBuildConfiguration;
			buildSettings = {
				ALWAYS_SEARCH_USER_PATHS = NO;
				CLANG_ANALYZER_NONNULL = YES;
				CLANG_ANALYZER_NUMBER_OBJECT_CONVERSION = YES_AGGRESSIVE;
				CLANG_CXX_LANGUAGE_STANDARD = "gnu++14";
				CLANG_CXX_LIBRARY = "libc++";
				CLANG_ENABLE_MODULES = YES;
				CLANG_ENABLE_OBJC_ARC = YES;
				CLANG_ENABLE_OBJC_WEAK = YES;
				CLANG_WARN_BLOCK_CAPTURE_AUTORELEASING = YES;
				CLANG_WARN_BOOL_CONVERSION = YES;
				CLANG_WARN_COMMA = YES;
				CLANG_WARN_CONSTANT_CONVERSION = YES;
				CLANG_WARN_DEPRECATED_OBJC_IMPLEMENTATIONS = YES;
				CLANG_WARN_DIRECT_OBJC_ISA_USAGE = YES_ERROR;
				CLANG_WARN_DOCUMENTATION_COMMENTS = YES;
				CLANG_WARN_EMPTY_BODY = YES;
				CLANG_WARN_ENUM_CONVERSION = YES;
				CLANG_WARN_INFINITE_RECURSION = YES;
				CLANG_WARN_INT_CONVERSION = YES;
				CLANG_WARN_NON_LITERAL_NULL_CONVERSION = YES;
				CLANG_WARN_OBJC_IMPLICIT_RETAIN_SELF = YES;
				CLANG_WARN_OBJC_LITERAL_CONVERSION = YES;
				CLANG_WARN_OBJC_ROOT_CLASS = YES_ERROR;
				CLANG_WARN_RANGE_LOOP_ANALYSIS = YES;
				CLANG_WARN_STRICT_PROTOTYPES = YES;
				CLANG_WARN_SUSPICIOUS_MOVE = YES;
				CLANG_WARN_UNGUARDED_AVAILABILITY = YES_AGGRESSIVE;
				CLANG_WARN_UNREACHABLE_CODE = YES;
				CLANG_WARN__DUPLICATE_METHOD_MATCH = YES;
				CODE_SIGN_IDENTITY = "iPhone Developer";
				COPY_PHASE_STRIP = NO;
				DEBUG_INFORMATION_FORMAT = dwarf;
				ENABLE_STRICT_OBJC_MSGSEND = YES;
				ENABLE_TESTABILITY = YES;
				GCC_C_LANGUAGE_STANDARD = gnu11;
				GCC_DYNAMIC_NO_PIC = NO;
				GCC_NO_COMMON_BLOCKS = YES;
				GCC_OPTIMIZATION_LEVEL = 0;
				GCC_PREPROCESSOR_DEFINITIONS = (
					"DEBUG=1",
					"$(inherited)",
				);
				GCC_WARN_64_TO_32_BIT_CONVERSION = YES;
				GCC_WARN_ABOUT_RETURN_TYPE = YES_ERROR;
				GCC_WARN_UNDECLARED_SELECTOR = YES;
				GCC_WARN_UNINITIALIZED_AUTOS = YES_AGGRESSIVE;
				GCC_WARN_UNUSED_FUNCTION = YES;
				GCC_WARN_UNUSED_VARIABLE = YES;
				IPHONEOS_DEPLOYMENT_TARGET = 12.1;
				MTL_ENABLE_DEBUG_INFO = INCLUDE_SOURCE;
				MTL_FAST_MATH = YES;
				ONLY_ACTIVE_ARCH = YES;
				SDKROOT = iphoneos;
				SWIFT_ACTIVE_COMPILATION_CONDITIONS = DEBUG;
				SWIFT_OPTIMIZATION_LEVEL = "-Onone";
			};
			name = Debug;
		};
		AAB53F1C21AFB688008A3DD7 /* Release */ = {
			isa = XCBuildConfiguration;
			buildSettings = {
				ALWAYS_SEARCH_USER_PATHS = NO;
				CLANG_ANALYZER_NONNULL = YES;
				CLANG_ANALYZER_NUMBER_OBJECT_CONVERSION = YES_AGGRESSIVE;
				CLANG_CXX_LANGUAGE_STANDARD = "gnu++14";
				CLANG_CXX_LIBRARY = "libc++";
				CLANG_ENABLE_MODULES = YES;
				CLANG_ENABLE_OBJC_ARC = YES;
				CLANG_ENABLE_OBJC_WEAK = YES;
				CLANG_WARN_BLOCK_CAPTURE_AUTORELEASING = YES;
				CLANG_WARN_BOOL_CONVERSION = YES;
				CLANG_WARN_COMMA = YES;
				CLANG_WARN_CONSTANT_CONVERSION = YES;
				CLANG_WARN_DEPRECATED_OBJC_IMPLEMENTATIONS = YES;
				CLANG_WARN_DIRECT_OBJC_ISA_USAGE = YES_ERROR;
				CLANG_WARN_DOCUMENTATION_COMMENTS = YES;
				CLANG_WARN_EMPTY_BODY = YES;
				CLANG_WARN_ENUM_CONVERSION = YES;
				CLANG_WARN_INFINITE_RECURSION = YES;
				CLANG_WARN_INT_CONVERSION = YES;
				CLANG_WARN_NON_LITERAL_NULL_CONVERSION = YES;
				CLANG_WARN_OBJC_IMPLICIT_RETAIN_SELF = YES;
				CLANG_WARN_OBJC_LITERAL_CONVERSION = YES;
				CLANG_WARN_OBJC_ROOT_CLASS = YES_ERROR;
				CLANG_WARN_RANGE_LOOP_ANALYSIS = YES;
				CLANG_WARN_STRICT_PROTOTYPES = YES;
				CLANG_WARN_SUSPICIOUS_MOVE = YES;
				CLANG_WARN_UNGUARDED_AVAILABILITY = YES_AGGRESSIVE;
				CLANG_WARN_UNREACHABLE_CODE = YES;
				CLANG_WARN__DUPLICATE_METHOD_MATCH = YES;
				CODE_SIGN_IDENTITY = "iPhone Developer";
				COPY_PHASE_STRIP = NO;
				DEBUG_INFORMATION_FORMAT = "dwarf-with-dsym";
				ENABLE_NS_ASSERTIONS = NO;
				ENABLE_STRICT_OBJC_MSGSEND = YES;
				GCC_C_LANGUAGE_STANDARD = gnu11;
				GCC_NO_COMMON_BLOCKS = YES;
				GCC_WARN_64_TO_32_BIT_CONVERSION = YES;
				GCC_WARN_ABOUT_RETURN_TYPE = YES_ERROR;
				GCC_WARN_UNDECLARED_SELECTOR = YES;
				GCC_WARN_UNINITIALIZED_AUTOS = YES_AGGRESSIVE;
				GCC_WARN_UNUSED_FUNCTION = YES;
				GCC_WARN_UNUSED_VARIABLE = YES;
				IPHONEOS_DEPLOYMENT_TARGET = 12.1;
				MTL_ENABLE_DEBUG_INFO = NO;
				MTL_FAST_MATH = YES;
				SDKROOT = iphoneos;
				SWIFT_COMPILATION_MODE = wholemodule;
				SWIFT_OPTIMIZATION_LEVEL = "-O";
				VALIDATE_PRODUCT = YES;
			};
			name = Release;
		};
		AAB53F1E21AFB688008A3DD7 /* Debug */ = {
			isa = XCBuildConfiguration;
			buildSettings = {
				ASSETCATALOG_COMPILER_APPICON_NAME = AppIcon;
				CODE_SIGN_STYLE = Automatic;
				INFOPLIST_FILE = Customizing/Info.plist;
				LD_RUNPATH_SEARCH_PATHS = (
					"$(inherited)",
					"@executable_path/Frameworks",
				);
				PRODUCT_BUNDLE_IDENTIFIER = "naver.knock-otd999.Customizing";
				PRODUCT_NAME = "$(TARGET_NAME)";
				SWIFT_VERSION = 4.2;
				TARGETED_DEVICE_FAMILY = "1,2";
			};
			name = Debug;
		};
		AAB53F1F21AFB688008A3DD7 /* Release */ = {
			isa = XCBuildConfiguration;
			buildSettings = {
				ASSETCATALOG_COMPILER_APPICON_NAME = AppIcon;
				CODE_SIGN_STYLE = Automatic;
				INFOPLIST_FILE = Customizing/Info.plist;
				LD_RUNPATH_SEARCH_PATHS = (
					"$(inherited)",
					"@executable_path/Frameworks",
				);
				PRODUCT_BUNDLE_IDENTIFIER = "naver.knock-otd999.Customizing";
				PRODUCT_NAME = "$(TARGET_NAME)";
				SWIFT_VERSION = 4.2;
				TARGETED_DEVICE_FAMILY = "1,2";
			};
			name = Release;
		};
/* End XCBuildConfiguration section */

/* Begin XCConfigurationList section */
		AA2234E521B0C4D700710798 /* Build configuration list for PBXNativeTarget "AlertTableViewCustomizing" */ = {
			isa = XCConfigurationList;
			buildConfigurations = (
				AA2234E321B0C4D700710798 /* Debug */,
				AA2234E421B0C4D700710798 /* Release */,
			);
			defaultConfigurationIsVisible = 0;
			defaultConfigurationName = Release;
		};
		AAB53F0621AFB67D008A3DD7 /* Build configuration list for PBXProject "Customizing" */ = {
			isa = XCConfigurationList;
			buildConfigurations = (
				AAB53F1B21AFB688008A3DD7 /* Debug */,
				AAB53F1C21AFB688008A3DD7 /* Release */,
			);
			defaultConfigurationIsVisible = 0;
			defaultConfigurationName = Release;
		};
		AAB53F1D21AFB688008A3DD7 /* Build configuration list for PBXNativeTarget "Customizing" */ = {
			isa = XCConfigurationList;
			buildConfigurations = (
				AAB53F1E21AFB688008A3DD7 /* Debug */,
				AAB53F1F21AFB688008A3DD7 /* Release */,
			);
			defaultConfigurationIsVisible = 0;
			defaultConfigurationName = Release;
		};
/* End XCConfigurationList section */
	};
	rootObject = AAB53F0321AFB67D008A3DD7 /* Project object */;
}
